
Microsoft Visual Studio Solution File, Format Version 12.00
# Visual Studio Version 17
VisualStudioVersion = 17.9.34701.34
MinimumVisualStudioVersion = 10.0.40219.1
Project("{FAE04EC0-301F-11D3-BF4B-00C04F79EFBC}") = "Ej1", "Ej1\Ej1.csproj", "{C0864995-BFE9-4815-B0A2-294389A9FB49}"
EndProject
Global
	GlobalSection(SolutionConfigurationPlatforms) = preSolution
		Debug|Any CPU = Debug|Any CPU
		Release|Any CPU = Release|Any CPU
	EndGlobalSection
	GlobalSection(ProjectConfigurationPlatforms) = postSolution
		{C0864995-BFE9-4815-B0A2-294389A9FB49}.Debug|Any CPU.ActiveCfg = Debug|Any CPU
		{C0864995-BFE9-4815-B0A2-294389A9FB49}.Debug|Any CPU.Build.0 = Debug|Any CPU
		{C0864995-BFE9-4815-B0A2-294389A9FB49}.Debug|Any CPU.Deploy.0 = Debug|Any CPU
		{C0864995-BFE9-4815-B0A2-294389A9FB49}.Release|Any CPU.ActiveCfg = Release|Any CPU
		{C0864995-BFE9-4815-B0A2-294389A9FB49}.Release|Any CPU.Build.0 = Release|Any CPU
		{C0864995-BFE9-4815-B0A2-294389A9FB49}.Release|Any CPU.Deploy.0 = Release|Any CPU
	EndGlobalSection
	GlobalSection(SolutionProperties) = preSolution
		HideSolutionNode = FALSE
	EndGlobalSection
	GlobalSection(ExtensibilityGlobals) = postSolution
		SolutionGuid = {AA9DD857-D611-4D0D-8FB0-7753D0D48A40}
	EndGlobalSection
EndGlobal
